// !$*UTF8*$!
{
	archiveVersion = 1;
	classes = {
	};
	objectVersion = 46;
	objects = {

/* Begin PBXBuildFile section */
		C00E6F9016FC52BA00F38E51 /* btVisitWeibo.m in Sources */ = {isa = PBXBuildFile; fileRef = C00E6F8F16FC52B900F38E51 /* btVisitWeibo.m */; settings = {COMPILER_FLAGS = "-fno-objc-arc"; }; };
		C012197916E892C300EBD1E0 /* btThumbnai.m in Sources */ = {isa = PBXBuildFile; fileRef = C012197816E892C300EBD1E0 /* btThumbnai.m */; settings = {COMPILER_FLAGS = "-fno-objc-arc"; }; };
		C0322DFE1700281C00E6107E /* background@2x.png in Resources */ = {isa = PBXBuildFile; fileRef = C0322DF31700281C00E6107E /* background@2x.png */; };
		C0322DFF1700281C00E6107E /* banner@2x.png in Resources */ = {isa = PBXBuildFile; fileRef = C0322DF41700281C00E6107E /* banner@2x.png */; };
		C0322E001700281C00E6107E /* BUTTON1@2x.png in Resources */ = {isa = PBXBuildFile; fileRef = C0322DF51700281C00E6107E /* BUTTON1@2x.png */; };
		C0322E011700281C00E6107E /* BUTTON2@2x.png in Resources */ = {isa = PBXBuildFile; fileRef = C0322DF61700281C00E6107E /* BUTTON2@2x.png */; };
		C0322E021700281C00E6107E /* BUTTON3@2x.png in Resources */ = {isa = PBXBuildFile; fileRef = C0322DF71700281C00E6107E /* BUTTON3@2x.png */; };
		C0322E031700281C00E6107E /* BUTTON4@2x.png in Resources */ = {isa = PBXBuildFile; fileRef = C0322DF81700281C00E6107E /* BUTTON4@2x.png */; };
		C0322E041700281C00E6107E /* ICON1@2x.png in Resources */ = {isa = PBXBuildFile; fileRef = C0322DF91700281C00E6107E /* ICON1@2x.png */; };
		C0322E061700281C00E6107E /* ICON3@2x.png in Resources */ = {isa = PBXBuildFile; fileRef = C0322DFB1700281C00E6107E /* ICON3@2x.png */; };
		C0322E071700281C00E6107E /* shelf@2x.png in Resources */ = {isa = PBXBuildFile; fileRef = C0322DFC1700281C00E6107E /* shelf@2x.png */; };
		C0322E081700281C00E6107E /* title@2x.png in Resources */ = {isa = PBXBuildFile; fileRef = C0322DFD1700281C00E6107E /* title@2x.png */; };
		C0322E141700289E00E6107E /* background.png in Resources */ = {isa = PBXBuildFile; fileRef = C0322E091700289E00E6107E /* background.png */; };
		C0322E151700289E00E6107E /* banner.png in Resources */ = {isa = PBXBuildFile; fileRef = C0322E0A1700289E00E6107E /* banner.png */; };
		C0322E161700289E00E6107E /* BUTTON1.png in Resources */ = {isa = PBXBuildFile; fileRef = C0322E0B1700289E00E6107E /* BUTTON1.png */; };
		C0322E171700289E00E6107E /* BUTTON2.png in Resources */ = {isa = PBXBuildFile; fileRef = C0322E0C1700289E00E6107E /* BUTTON2.png */; };
		C0322E181700289E00E6107E /* BUTTON3.png in Resources */ = {isa = PBXBuildFile; fileRef = C0322E0D1700289E00E6107E /* BUTTON3.png */; };
		C0322E191700289E00E6107E /* BUTTON4.png in Resources */ = {isa = PBXBuildFile; fileRef = C0322E0E1700289E00E6107E /* BUTTON4.png */; };
		C0322E1A1700289E00E6107E /* ICON1.png in Resources */ = {isa = PBXBuildFile; fileRef = C0322E0F1700289E00E6107E /* ICON1.png */; };
		C0322E1C1700289E00E6107E /* ICON3.png in Resources */ = {isa = PBXBuildFile; fileRef = C0322E111700289E00E6107E /* ICON3.png */; };
		C0322E1D1700289E00E6107E /* shelf.png in Resources */ = {isa = PBXBuildFile; fileRef = C0322E121700289E00E6107E /* shelf.png */; };
		C0322E1E1700289E00E6107E /* title.png in Resources */ = {isa = PBXBuildFile; fileRef = C0322E131700289E00E6107E /* title.png */; };
		C0322E2017002A0A00E6107E /* 960768.png in Resources */ = {isa = PBXBuildFile; fileRef = C0322E1F17002A0A00E6107E /* 960768.png */; };
		C0572F0A16DF314400DB2847 /* UIKit.framework in Frameworks */ = {isa = PBXBuildFile; fileRef = C0572F0916DF314400DB2847 /* UIKit.framework */; };
		C0572F0C16DF314400DB2847 /* Foundation.framework in Frameworks */ = {isa = PBXBuildFile; fileRef = C0572F0B16DF314400DB2847 /* Foundation.framework */; };
		C0572F0E16DF314400DB2847 /* CoreGraphics.framework in Frameworks */ = {isa = PBXBuildFile; fileRef = C0572F0D16DF314400DB2847 /* CoreGraphics.framework */; };
		C0572F1416DF314400DB2847 /* InfoPlist.strings in Resources */ = {isa = PBXBuildFile; fileRef = C0572F1216DF314400DB2847 /* InfoPlist.strings */; };
		C0572F1616DF314400DB2847 /* main.m in Sources */ = {isa = PBXBuildFile; fileRef = C0572F1516DF314400DB2847 /* main.m */; settings = {COMPILER_FLAGS = "-fno-objc-arc"; }; };
		C0572F1A16DF314400DB2847 /* AppDelegate.m in Sources */ = {isa = PBXBuildFile; fileRef = C0572F1916DF314400DB2847 /* AppDelegate.m */; };
		C0572F1C16DF314400DB2847 /* Default.png in Resources */ = {isa = PBXBuildFile; fileRef = C0572F1B16DF314400DB2847 /* Default.png */; };
		C0572F1E16DF314400DB2847 /* Default@2x.png in Resources */ = {isa = PBXBuildFile; fileRef = C0572F1D16DF314400DB2847 /* Default@2x.png */; };
		C0572F2016DF314400DB2847 /* Default-568h@2x.png in Resources */ = {isa = PBXBuildFile; fileRef = C0572F1F16DF314400DB2847 /* Default-568h@2x.png */; };
		C0572F2316DF314400DB2847 /* ViewController.m in Sources */ = {isa = PBXBuildFile; fileRef = C0572F2216DF314400DB2847 /* ViewController.m */; settings = {COMPILER_FLAGS = "-fno-objc-arc"; }; };
		C0572F2616DF314400DB2847 /* ViewController.xib in Resources */ = {isa = PBXBuildFile; fileRef = C0572F2416DF314400DB2847 /* ViewController.xib */; };
		C0572F2F16DF372700DB2847 /* ReadViewController.m in Sources */ = {isa = PBXBuildFile; fileRef = C0572F2D16DF372700DB2847 /* ReadViewController.m */; settings = {COMPILER_FLAGS = "-fno-objc-arc"; }; };
		C0572F3016DF372700DB2847 /* ReadViewController.xib in Resources */ = {isa = PBXBuildFile; fileRef = C0572F2E16DF372700DB2847 /* ReadViewController.xib */; };
		C0572F3316DF3F5800DB2847 /* ColumnsView.m in Sources */ = {isa = PBXBuildFile; fileRef = C0572F3216DF3F5800DB2847 /* ColumnsView.m */; settings = {COMPILER_FLAGS = "-fno-objc-arc"; }; };
		C0572F3616DF3F9400DB2847 /* PagePhotosView.m in Sources */ = {isa = PBXBuildFile; fileRef = C0572F3516DF3F9400DB2847 /* PagePhotosView.m */; settings = {COMPILER_FLAGS = "-fno-objc-arc"; }; };
		C057303016E0B27A00DB2847 /* cell.xib in Resources */ = {isa = PBXBuildFile; fileRef = C057302F16E0B27900DB2847 /* cell.xib */; };
		C057303316E72CEB00DB2847 /* MBProgressHUD.m in Sources */ = {isa = PBXBuildFile; fileRef = C057303216E72CEA00DB2847 /* MBProgressHUD.m */; settings = {COMPILER_FLAGS = "-fno-objc-arc"; }; };
		C057303616E72CFA00DB2847 /* Reachability.m in Sources */ = {isa = PBXBuildFile; fileRef = C057303516E72CF800DB2847 /* Reachability.m */; settings = {COMPILER_FLAGS = "-fno-objc-arc"; }; };
		C057303A16E7325C00DB2847 /* ThumbnailViewController.m in Sources */ = {isa = PBXBuildFile; fileRef = C057303816E7325A00DB2847 /* ThumbnailViewController.m */; settings = {COMPILER_FLAGS = "-fno-objc-arc"; }; };
		C057303B16E7325C00DB2847 /* ThumbnailViewController.xib in Resources */ = {isa = PBXBuildFile; fileRef = C057303916E7325B00DB2847 /* ThumbnailViewController.xib */; };
		C057303D16E7346900DB2847 /* SystemConfiguration.framework in Frameworks */ = {isa = PBXBuildFile; fileRef = C057303C16E7346800DB2847 /* SystemConfiguration.framework */; };
		C057303F16E7347700DB2847 /* StoreKit.framework in Frameworks */ = {isa = PBXBuildFile; fileRef = C057303E16E7347600DB2847 /* StoreKit.framework */; };
		C057304116E7348900DB2847 /* NewsstandKit.framework in Frameworks */ = {isa = PBXBuildFile; fileRef = C057304016E7348800DB2847 /* NewsstandKit.framework */; };
		C0598FED16F04B1F00602C24 /* TSActionSheet.m in Sources */ = {isa = PBXBuildFile; fileRef = C0598FE316F04B1F00602C24 /* TSActionSheet.m */; };
		C0598FEE16F04B1F00602C24 /* TSPopoverController.m in Sources */ = {isa = PBXBuildFile; fileRef = C0598FE516F04B1F00602C24 /* TSPopoverController.m */; };
		C0598FEF16F04B1F00602C24 /* TSPopoverPopoverView.m in Sources */ = {isa = PBXBuildFile; fileRef = C0598FE716F04B1F00602C24 /* TSPopoverPopoverView.m */; };
		C0598FF016F04B1F00602C24 /* TSPopoverTouchView.m in Sources */ = {isa = PBXBuildFile; fileRef = C0598FEA16F04B1F00602C24 /* TSPopoverTouchView.m */; };
		C0598FF116F04B1F00602C24 /* UIBarButtonItem+WEPopover.m in Sources */ = {isa = PBXBuildFile; fileRef = C0598FEC16F04B1F00602C24 /* UIBarButtonItem+WEPopover.m */; };
		C0598FFD16F0588100602C24 /* SinaWeibo.bundle in Resources */ = {isa = PBXBuildFile; fileRef = C0598FF516F0588100602C24 /* SinaWeibo.bundle */; };
		C0598FFE16F0588100602C24 /* SinaWeibo.m in Sources */ = {isa = PBXBuildFile; fileRef = C0598FF716F0588100602C24 /* SinaWeibo.m */; settings = {COMPILER_FLAGS = "-fno-objc-arc"; }; };
		C0598FFF16F0588100602C24 /* SinaWeiboAuthorizeView.m in Sources */ = {isa = PBXBuildFile; fileRef = C0598FF916F0588100602C24 /* SinaWeiboAuthorizeView.m */; settings = {COMPILER_FLAGS = "-fno-objc-arc"; }; };
		C059900016F0588100602C24 /* SinaWeiboRequest.m in Sources */ = {isa = PBXBuildFile; fileRef = C0598FFC16F0588100602C24 /* SinaWeiboRequest.m */; settings = {COMPILER_FLAGS = "-fno-objc-arc"; }; };
		C059900316F0588B00602C24 /* JSONKit.m in Sources */ = {isa = PBXBuildFile; fileRef = C059900216F0588B00602C24 /* JSONKit.m */; settings = {COMPILER_FLAGS = "-fno-objc-arc"; }; };
		C094E4B71713DA3900FB6224 /* BUTTON5.png in Resources */ = {isa = PBXBuildFile; fileRef = C094E4B31713DA3900FB6224 /* BUTTON5.png */; };
		C094E4B81713DA3900FB6224 /* BUTTON6.png in Resources */ = {isa = PBXBuildFile; fileRef = C094E4B41713DA3900FB6224 /* BUTTON6.png */; };
		C094E4B91713DA3900FB6224 /* BUTTON7.png in Resources */ = {isa = PBXBuildFile; fileRef = C094E4B51713DA3900FB6224 /* BUTTON7.png */; };
		C094E4BF1713DA5300FB6224 /* BUTTON5@2x.png in Resources */ = {isa = PBXBuildFile; fileRef = C094E4BB1713DA5300FB6224 /* BUTTON5@2x.png */; };
		C094E4C01713DA5300FB6224 /* BUTTON6@2x.png in Resources */ = {isa = PBXBuildFile; fileRef = C094E4BC1713DA5300FB6224 /* BUTTON6@2x.png */; };
		C094E4C11713DA5300FB6224 /* BUTTON7@2x.png in Resources */ = {isa = PBXBuildFile; fileRef = C094E4BD1713DA5300FB6224 /* BUTTON7@2x.png */; };
		C094E4C41713DA7D00FB6224 /* ICON4.png in Resources */ = {isa = PBXBuildFile; fileRef = C094E4C31713DA7D00FB6224 /* ICON4.png */; };
		C094E4C61713DA8D00FB6224 /* ICON4@2x.png in Resources */ = {isa = PBXBuildFile; fileRef = C094E4C51713DA8D00FB6224 /* ICON4@2x.png */; };
		C0973B8B1713F35800CC398E /* startLog.jpg in Resources */ = {isa = PBXBuildFile; fileRef = C0973B891713F35800CC398E /* startLog.jpg */; };
		C0973B8C1713F35800CC398E /* startLog@2x.jpg in Resources */ = {isa = PBXBuildFile; fileRef = C0973B8A1713F35800CC398E /* startLog@2x.jpg */; };
		C0973BC21714FE7A00CC398E /* libMobClickLibrary.a in Frameworks */ = {isa = PBXBuildFile; fileRef = C0973BC01714FE7900CC398E /* libMobClickLibrary.a */; };
		C0973BC9171557A600CC398E /* cancel.png in Resources */ = {isa = PBXBuildFile; fileRef = C0973BC3171557A200CC398E /* cancel.png */; };
		C0973BCA171557A600CC398E /* cancel@2x.png in Resources */ = {isa = PBXBuildFile; fileRef = C0973BC4171557A300CC398E /* cancel@2x.png */; };
		C0973BCB171557A600CC398E /* send.png in Resources */ = {isa = PBXBuildFile; fileRef = C0973BC5171557A300CC398E /* send.png */; };
		C0973BCC171557A600CC398E /* send@2x.png in Resources */ = {isa = PBXBuildFile; fileRef = C0973BC6171557A400CC398E /* send@2x.png */; };
		C0973BD8171563EE00CC398E /* tag.png in Resources */ = {isa = PBXBuildFile; fileRef = C0973BD7171563ED00CC398E /* tag.png */; };
		C0973BDA171563FB00CC398E /* tag@2x.png in Resources */ = {isa = PBXBuildFile; fileRef = C0973BD9171563FA00CC398E /* tag@2x.png */; };
		C0973BDD17164C6200CC398E /* BUTTON9.png in Resources */ = {isa = PBXBuildFile; fileRef = C0973BDB17164C6100CC398E /* BUTTON9.png */; };
		C0973BDE17164C6200CC398E /* BUTTON9@2x.png in Resources */ = {isa = PBXBuildFile; fileRef = C0973BDC17164C6200CC398E /* BUTTON9@2x.png */; };
		C0A1005517168C43008FD07A /* delete.png in Resources */ = {isa = PBXBuildFile; fileRef = C0A1005417168C43008FD07A /* delete.png */; };
		C0A1005717168C4A008FD07A /* delete@2x.png in Resources */ = {isa = PBXBuildFile; fileRef = C0A1005617168C4A008FD07A /* delete@2x.png */; };
		C0A1005B1716B09C008FD07A /* defaultcovers.png in Resources */ = {isa = PBXBuildFile; fileRef = C0A1005A1716B09C008FD07A /* defaultcovers.png */; };
		C0B48F531702F25F00A5258E /* FADE.jpg in Resources */ = {isa = PBXBuildFile; fileRef = C0B48F521702F25F00A5258E /* FADE.jpg */; };
		C0B48F571702F74800A5258E /* LoadingPageViewController.m in Sources */ = {isa = PBXBuildFile; fileRef = C0B48F551702F74800A5258E /* LoadingPageViewController.m */; };
		C0B48F581702F74800A5258E /* LoadingPageViewController.xib in Resources */ = {isa = PBXBuildFile; fileRef = C0B48F561702F74800A5258E /* LoadingPageViewController.xib */; };
		C0B48F5D170A94EA00A5258E /* Publisher.m in Sources */ = {isa = PBXBuildFile; fileRef = C0B48F5C170A94EA00A5258E /* Publisher.m */; settings = {COMPILER_FLAGS = "-fno-objc-arc"; }; };
		C0B48F8C170AE13600A5258E /* libz.dylib in Frameworks */ = {isa = PBXBuildFile; fileRef = C0B48F8B170AE13600A5258E /* libz.dylib */; };
		C0B48F99170AE2D400A5258E /* ioapi.c in Sources */ = {isa = PBXBuildFile; fileRef = C0B48F91170AE2D400A5258E /* ioapi.c */; settings = {COMPILER_FLAGS = "-fno-objc-arc"; }; };
		C0B48F9A170AE2D400A5258E /* mztools.c in Sources */ = {isa = PBXBuildFile; fileRef = C0B48F93170AE2D400A5258E /* mztools.c */; settings = {COMPILER_FLAGS = "-fno-objc-arc"; }; };
		C0B48F9B170AE2D400A5258E /* unzip.c in Sources */ = {isa = PBXBuildFile; fileRef = C0B48F95170AE2D400A5258E /* unzip.c */; settings = {COMPILER_FLAGS = "-fno-objc-arc"; }; };
		C0B48F9C170AE2D400A5258E /* zip.c in Sources */ = {isa = PBXBuildFile; fileRef = C0B48F97170AE2D400A5258E /* zip.c */; settings = {COMPILER_FLAGS = "-fno-objc-arc"; }; };
		C0B48FA2170AE3AD00A5258E /* ZipArchive.mm in Sources */ = {isa = PBXBuildFile; fileRef = C0B48FA1170AE3AC00A5258E /* ZipArchive.mm */; settings = {COMPILER_FLAGS = "-fno-objc-arc"; }; };
/* End PBXBuildFile section */

/* Begin PBXFileReference section */
		C00E6F8E16FC52B900F38E51 /* btVisitWeibo.h */ = {isa = PBXFileReference; fileEncoding = 4; lastKnownFileType = sourcecode.c.h; path = btVisitWeibo.h; sourceTree = "<group>"; };
		C00E6F8F16FC52B900F38E51 /* btVisitWeibo.m */ = {isa = PBXFileReference; fileEncoding = 4; lastKnownFileType = sourcecode.c.objc; path = btVisitWeibo.m; sourceTree = "<group>"; };
		C012197716E892C300EBD1E0 /* btThumbnai.h */ = {isa = PBXFileReference; fileEncoding = 4; lastKnownFileType = sourcecode.c.h; name = btThumbnai.h; path = ../btThumbnai.h; sourceTree = "<group>"; };
		C012197816E892C300EBD1E0 /* btThumbnai.m */ = {isa = PBXFileReference; fileEncoding = 4; lastKnownFileType = sourcecode.c.objc; name = btThumbnai.m; path = ../btThumbnai.m; sourceTree = "<group>"; };
		C0322DF31700281C00E6107E /* background@2x.png */ = {isa = PBXFileReference; lastKnownFileType = image.png; path = "background@2x.png"; sourceTree = "<group>"; };
		C0322DF41700281C00E6107E /* banner@2x.png */ = {isa = PBXFileReference; lastKnownFileType = image.png; path = "banner@2x.png"; sourceTree = "<group>"; };
		C0322DF51700281C00E6107E /* BUTTON1@2x.png */ = {isa = PBXFileReference; lastKnownFileType = image.png; path = "BUTTON1@2x.png"; sourceTree = "<group>"; };
		C0322DF61700281C00E6107E /* BUTTON2@2x.png */ = {isa = PBXFileReference; lastKnownFileType = image.png; path = "BUTTON2@2x.png"; sourceTree = "<group>"; };
		C0322DF71700281C00E6107E /* BUTTON3@2x.png */ = {isa = PBXFileReference; lastKnownFileType = image.png; path = "BUTTON3@2x.png"; sourceTree = "<group>"; };
		C0322DF81700281C00E6107E /* BUTTON4@2x.png */ = {isa = PBXFileReference; lastKnownFileType = image.png; path = "BUTTON4@2x.png"; sourceTree = "<group>"; };
		C0322DF91700281C00E6107E /* ICON1@2x.png */ = {isa = PBXFileReference; lastKnownFileType = image.png; path = "ICON1@2x.png"; sourceTree = "<group>"; };
		C0322DFB1700281C00E6107E /* ICON3@2x.png */ = {isa = PBXFileReference; lastKnownFileType = image.png; path = "ICON3@2x.png"; sourceTree = "<group>"; };
		C0322DFC1700281C00E6107E /* shelf@2x.png */ = {isa = PBXFileReference; lastKnownFileType = image.png; path = "shelf@2x.png"; sourceTree = "<group>"; };
		C0322DFD1700281C00E6107E /* title@2x.png */ = {isa = PBXFileReference; lastKnownFileType = image.png; path = "title@2x.png"; sourceTree = "<group>"; };
		C0322E091700289E00E6107E /* background.png */ = {isa = PBXFileReference; lastKnownFileType = image.png; path = background.png; sourceTree = "<group>"; };
		C0322E0A1700289E00E6107E /* banner.png */ = {isa = PBXFileReference; lastKnownFileType = image.png; path = banner.png; sourceTree = "<group>"; };
		C0322E0B1700289E00E6107E /* BUTTON1.png */ = {isa = PBXFileReference; lastKnownFileType = image.png; path = BUTTON1.png; sourceTree = "<group>"; };
		C0322E0C1700289E00E6107E /* BUTTON2.png */ = {isa = PBXFileReference; lastKnownFileType = image.png; path = BUTTON2.png; sourceTree = "<group>"; };
		C0322E0D1700289E00E6107E /* BUTTON3.png */ = {isa = PBXFileReference; lastKnownFileType = image.png; path = BUTTON3.png; sourceTree = "<group>"; };
		C0322E0E1700289E00E6107E /* BUTTON4.png */ = {isa = PBXFileReference; lastKnownFileType = image.png; path = BUTTON4.png; sourceTree = "<group>"; };
		C0322E0F1700289E00E6107E /* ICON1.png */ = {isa = PBXFileReference; lastKnownFileType = image.png; path = ICON1.png; sourceTree = "<group>"; };
		C0322E111700289E00E6107E /* ICON3.png */ = {isa = PBXFileReference; lastKnownFileType = image.png; path = ICON3.png; sourceTree = "<group>"; };
		C0322E121700289E00E6107E /* shelf.png */ = {isa = PBXFileReference; lastKnownFileType = image.png; path = shelf.png; sourceTree = "<group>"; };
		C0322E131700289E00E6107E /* title.png */ = {isa = PBXFileReference; lastKnownFileType = image.png; path = title.png; sourceTree = "<group>"; };
		C0322E1F17002A0A00E6107E /* 960768.png */ = {isa = PBXFileReference; lastKnownFileType = image.png; path = 960768.png; sourceTree = "<group>"; };
		C0572F0616DF314400DB2847 /* Xweekend.app */ = {isa = PBXFileReference; explicitFileType = wrapper.application; includeInIndex = 0; path = Xweekend.app; sourceTree = BUILT_PRODUCTS_DIR; };
		C0572F0916DF314400DB2847 /* UIKit.framework */ = {isa = PBXFileReference; lastKnownFileType = wrapper.framework; name = UIKit.framework; path = System/Library/Frameworks/UIKit.framework; sourceTree = SDKROOT; };
		C0572F0B16DF314400DB2847 /* Foundation.framework */ = {isa = PBXFileReference; lastKnownFileType = wrapper.framework; name = Foundation.framework; path = System/Library/Frameworks/Foundation.framework; sourceTree = SDKROOT; };
		C0572F0D16DF314400DB2847 /* CoreGraphics.framework */ = {isa = PBXFileReference; lastKnownFileType = wrapper.framework; name = CoreGraphics.framework; path = System/Library/Frameworks/CoreGraphics.framework; sourceTree = SDKROOT; };
		C0572F1116DF314400DB2847 /* Xweekend-Info.plist */ = {isa = PBXFileReference; lastKnownFileType = text.plist.xml; path = "Xweekend-Info.plist"; sourceTree = "<group>"; };
		C0572F1316DF314400DB2847 /* en */ = {isa = PBXFileReference; lastKnownFileType = text.plist.strings; name = en; path = en.lproj/InfoPlist.strings; sourceTree = "<group>"; };
		C0572F1516DF314400DB2847 /* main.m */ = {isa = PBXFileReference; lastKnownFileType = sourcecode.c.objc; path = main.m; sourceTree = "<group>"; };
		C0572F1716DF314400DB2847 /* Xweekend-Prefix.pch */ = {isa = PBXFileReference; lastKnownFileType = sourcecode.c.h; path = "Xweekend-Prefix.pch"; sourceTree = "<group>"; };
		C0572F1816DF314400DB2847 /* AppDelegate.h */ = {isa = PBXFileReference; lastKnownFileType = sourcecode.c.h; path = AppDelegate.h; sourceTree = "<group>"; };
		C0572F1916DF314400DB2847 /* AppDelegate.m */ = {isa = PBXFileReference; lastKnownFileType = sourcecode.c.objc; path = AppDelegate.m; sourceTree = "<group>"; };
		C0572F1B16DF314400DB2847 /* Default.png */ = {isa = PBXFileReference; lastKnownFileType = image.png; path = Default.png; sourceTree = "<group>"; };
		C0572F1D16DF314400DB2847 /* Default@2x.png */ = {isa = PBXFileReference; lastKnownFileType = image.png; path = "Default@2x.png"; sourceTree = "<group>"; };
		C0572F1F16DF314400DB2847 /* Default-568h@2x.png */ = {isa = PBXFileReference; lastKnownFileType = image.png; path = "Default-568h@2x.png"; sourceTree = "<group>"; };
		C0572F2116DF314400DB2847 /* ViewController.h */ = {isa = PBXFileReference; lastKnownFileType = sourcecode.c.h; path = ViewController.h; sourceTree = "<group>"; };
		C0572F2216DF314400DB2847 /* ViewController.m */ = {isa = PBXFileReference; lastKnownFileType = sourcecode.c.objc; path = ViewController.m; sourceTree = "<group>"; };
		C0572F2516DF314400DB2847 /* en */ = {isa = PBXFileReference; lastKnownFileType = file.xib; name = en; path = en.lproj/ViewController.xib; sourceTree = "<group>"; };
		C0572F2C16DF372700DB2847 /* ReadViewController.h */ = {isa = PBXFileReference; fileEncoding = 4; lastKnownFileType = sourcecode.c.h; path = ReadViewController.h; sourceTree = "<group>"; };
		C0572F2D16DF372700DB2847 /* ReadViewController.m */ = {isa = PBXFileReference; fileEncoding = 4; lastKnownFileType = sourcecode.c.objc; path = ReadViewController.m; sourceTree = "<group>"; };
		C0572F2E16DF372700DB2847 /* ReadViewController.xib */ = {isa = PBXFileReference; fileEncoding = 4; lastKnownFileType = file.xib; path = ReadViewController.xib; sourceTree = "<group>"; };
		C0572F3116DF3F5800DB2847 /* ColumnsView.h */ = {isa = PBXFileReference; fileEncoding = 4; lastKnownFileType = sourcecode.c.h; path = ColumnsView.h; sourceTree = "<group>"; };
		C0572F3216DF3F5800DB2847 /* ColumnsView.m */ = {isa = PBXFileReference; fileEncoding = 4; lastKnownFileType = sourcecode.c.objc; path = ColumnsView.m; sourceTree = "<group>"; };
		C0572F3416DF3F9400DB2847 /* PagePhotosView.h */ = {isa = PBXFileReference; fileEncoding = 4; lastKnownFileType = sourcecode.c.h; path = PagePhotosView.h; sourceTree = "<group>"; };
		C0572F3516DF3F9400DB2847 /* PagePhotosView.m */ = {isa = PBXFileReference; fileEncoding = 4; lastKnownFileType = sourcecode.c.objc; path = PagePhotosView.m; sourceTree = "<group>"; };
		C057302F16E0B27900DB2847 /* cell.xib */ = {isa = PBXFileReference; fileEncoding = 4; lastKnownFileType = file.xib; path = cell.xib; sourceTree = "<group>"; };
		C057303116E72CE800DB2847 /* MBProgressHUD.h */ = {isa = PBXFileReference; fileEncoding = 4; lastKnownFileType = sourcecode.c.h; path = MBProgressHUD.h; sourceTree = "<group>"; };
		C057303216E72CEA00DB2847 /* MBProgressHUD.m */ = {isa = PBXFileReference; fileEncoding = 4; lastKnownFileType = sourcecode.c.objc; path = MBProgressHUD.m; sourceTree = "<group>"; };
		C057303416E72CF700DB2847 /* Reachability.h */ = {isa = PBXFileReference; fileEncoding = 4; lastKnownFileType = sourcecode.c.h; path = Reachability.h; sourceTree = "<group>"; };
		C057303516E72CF800DB2847 /* Reachability.m */ = {isa = PBXFileReference; fileEncoding = 4; lastKnownFileType = sourcecode.c.objc; path = Reachability.m; sourceTree = "<group>"; };
		C057303716E7325900DB2847 /* ThumbnailViewController.h */ = {isa = PBXFileReference; fileEncoding = 4; lastKnownFileType = sourcecode.c.h; path = ThumbnailViewController.h; sourceTree = "<group>"; };
		C057303816E7325A00DB2847 /* ThumbnailViewController.m */ = {isa = PBXFileReference; fileEncoding = 4; lastKnownFileType = sourcecode.c.objc; path = ThumbnailViewController.m; sourceTree = "<group>"; };
		C057303916E7325B00DB2847 /* ThumbnailViewController.xib */ = {isa = PBXFileReference; fileEncoding = 4; lastKnownFileType = file.xib; path = ThumbnailViewController.xib; sourceTree = "<group>"; };
		C057303C16E7346800DB2847 /* SystemConfiguration.framework */ = {isa = PBXFileReference; lastKnownFileType = wrapper.framework; name = SystemConfiguration.framework; path = System/Library/Frameworks/SystemConfiguration.framework; sourceTree = SDKROOT; };
		C057303E16E7347600DB2847 /* StoreKit.framework */ = {isa = PBXFileReference; lastKnownFileType = wrapper.framework; name = StoreKit.framework; path = System/Library/Frameworks/StoreKit.framework; sourceTree = SDKROOT; };
		C057304016E7348800DB2847 /* NewsstandKit.framework */ = {isa = PBXFileReference; lastKnownFileType = wrapper.framework; name = NewsstandKit.framework; path = System/Library/Frameworks/NewsstandKit.framework; sourceTree = SDKROOT; };
		C0598FE216F04B1F00602C24 /* TSActionSheet.h */ = {isa = PBXFileReference; fileEncoding = 4; lastKnownFileType = sourcecode.c.h; path = TSActionSheet.h; sourceTree = "<group>"; };
		C0598FE316F04B1F00602C24 /* TSActionSheet.m */ = {isa = PBXFileReference; fileEncoding = 4; lastKnownFileType = sourcecode.c.objc; path = TSActionSheet.m; sourceTree = "<group>"; };
		C0598FE416F04B1F00602C24 /* TSPopoverController.h */ = {isa = PBXFileReference; fileEncoding = 4; lastKnownFileType = sourcecode.c.h; path = TSPopoverController.h; sourceTree = "<group>"; };
		C0598FE516F04B1F00602C24 /* TSPopoverController.m */ = {isa = PBXFileReference; fileEncoding = 4; lastKnownFileType = sourcecode.c.objc; path = TSPopoverController.m; sourceTree = "<group>"; };
		C0598FE616F04B1F00602C24 /* TSPopoverPopoverView.h */ = {isa = PBXFileReference; fileEncoding = 4; lastKnownFileType = sourcecode.c.h; path = TSPopoverPopoverView.h; sourceTree = "<group>"; };
		C0598FE716F04B1F00602C24 /* TSPopoverPopoverView.m */ = {isa = PBXFileReference; fileEncoding = 4; lastKnownFileType = sourcecode.c.objc; path = TSPopoverPopoverView.m; sourceTree = "<group>"; };
		C0598FE816F04B1F00602C24 /* TSPopoverTouchesDelegate.h */ = {isa = PBXFileReference; fileEncoding = 4; lastKnownFileType = sourcecode.c.h; path = TSPopoverTouchesDelegate.h; sourceTree = "<group>"; };
		C0598FE916F04B1F00602C24 /* TSPopoverTouchView.h */ = {isa = PBXFileReference; fileEncoding = 4; lastKnownFileType = sourcecode.c.h; path = TSPopoverTouchView.h; sourceTree = "<group>"; };
		C0598FEA16F04B1F00602C24 /* TSPopoverTouchView.m */ = {isa = PBXFileReference; fileEncoding = 4; lastKnownFileType = sourcecode.c.objc; path = TSPopoverTouchView.m; sourceTree = "<group>"; };
		C0598FEB16F04B1F00602C24 /* UIBarButtonItem+WEPopover.h */ = {isa = PBXFileReference; fileEncoding = 4; lastKnownFileType = sourcecode.c.h; path = "UIBarButtonItem+WEPopover.h"; sourceTree = "<group>"; };
		C0598FEC16F04B1F00602C24 /* UIBarButtonItem+WEPopover.m */ = {isa = PBXFileReference; fileEncoding = 4; lastKnownFileType = sourcecode.c.objc; path = "UIBarButtonItem+WEPopover.m"; sourceTree = "<group>"; };
		C0598FF516F0588100602C24 /* SinaWeibo.bundle */ = {isa = PBXFileReference; lastKnownFileType = "wrapper.plug-in"; path = SinaWeibo.bundle; sourceTree = "<group>"; };
		C0598FF616F0588100602C24 /* SinaWeibo.h */ = {isa = PBXFileReference; fileEncoding = 4; lastKnownFileType = sourcecode.c.h; path = SinaWeibo.h; sourceTree = "<group>"; };
		C0598FF716F0588100602C24 /* SinaWeibo.m */ = {isa = PBXFileReference; fileEncoding = 4; lastKnownFileType = sourcecode.c.objc; path = SinaWeibo.m; sourceTree = "<group>"; };
		C0598FF816F0588100602C24 /* SinaWeiboAuthorizeView.h */ = {isa = PBXFileReference; fileEncoding = 4; lastKnownFileType = sourcecode.c.h; path = SinaWeiboAuthorizeView.h; sourceTree = "<group>"; };
		C0598FF916F0588100602C24 /* SinaWeiboAuthorizeView.m */ = {isa = PBXFileReference; fileEncoding = 4; lastKnownFileType = sourcecode.c.objc; path = SinaWeiboAuthorizeView.m; sourceTree = "<group>"; };
		C0598FFA16F0588100602C24 /* SinaWeiboConstants.h */ = {isa = PBXFileReference; fileEncoding = 4; lastKnownFileType = sourcecode.c.h; path = SinaWeiboConstants.h; sourceTree = "<group>"; };
		C0598FFB16F0588100602C24 /* SinaWeiboRequest.h */ = {isa = PBXFileReference; fileEncoding = 4; lastKnownFileType = sourcecode.c.h; path = SinaWeiboRequest.h; sourceTree = "<group>"; };
		C0598FFC16F0588100602C24 /* SinaWeiboRequest.m */ = {isa = PBXFileReference; fileEncoding = 4; lastKnownFileType = sourcecode.c.objc; path = SinaWeiboRequest.m; sourceTree = "<group>"; };
		C059900116F0588B00602C24 /* JSONKit.h */ = {isa = PBXFileReference; fileEncoding = 4; lastKnownFileType = sourcecode.c.h; path = JSONKit.h; sourceTree = "<group>"; };
		C059900216F0588B00602C24 /* JSONKit.m */ = {isa = PBXFileReference; fileEncoding = 4; lastKnownFileType = sourcecode.c.objc; path = JSONKit.m; sourceTree = "<group>"; };
		C094E4B31713DA3900FB6224 /* BUTTON5.png */ = {isa = PBXFileReference; lastKnownFileType = image.png; path = BUTTON5.png; sourceTree = "<group>"; };
		C094E4B41713DA3900FB6224 /* BUTTON6.png */ = {isa = PBXFileReference; lastKnownFileType = image.png; path = BUTTON6.png; sourceTree = "<group>"; };
		C094E4B51713DA3900FB6224 /* BUTTON7.png */ = {isa = PBXFileReference; lastKnownFileType = image.png; path = BUTTON7.png; sourceTree = "<group>"; };
		C094E4BB1713DA5300FB6224 /* BUTTON5@2x.png */ = {isa = PBXFileReference; lastKnownFileType = image.png; path = "BUTTON5@2x.png"; sourceTree = "<group>"; };
		C094E4BC1713DA5300FB6224 /* BUTTON6@2x.png */ = {isa = PBXFileReference; lastKnownFileType = image.png; path = "BUTTON6@2x.png"; sourceTree = "<group>"; };
		C094E4BD1713DA5300FB6224 /* BUTTON7@2x.png */ = {isa = PBXFileReference; lastKnownFileType = image.png; path = "BUTTON7@2x.png"; sourceTree = "<group>"; };
		C094E4C31713DA7D00FB6224 /* ICON4.png */ = {isa = PBXFileReference; lastKnownFileType = image.png; path = ICON4.png; sourceTree = "<group>"; };
		C094E4C51713DA8D00FB6224 /* ICON4@2x.png */ = {isa = PBXFileReference; lastKnownFileType = image.png; path = "ICON4@2x.png"; sourceTree = "<group>"; };
		C0973B891713F35800CC398E /* startLog.jpg */ = {isa = PBXFileReference; lastKnownFileType = image.jpeg; path = startLog.jpg; sourceTree = "<group>"; };
		C0973B8A1713F35800CC398E /* startLog@2x.jpg */ = {isa = PBXFileReference; lastKnownFileType = image.jpeg; path = "startLog@2x.jpg"; sourceTree = "<group>"; };
		C0973BC01714FE7900CC398E /* libMobClickLibrary.a */ = {isa = PBXFileReference; lastKnownFileType = archive.ar; path = libMobClickLibrary.a; sourceTree = "<group>"; };
		C0973BC11714FE7A00CC398E /* MobClick.h */ = {isa = PBXFileReference; fileEncoding = 4; lastKnownFileType = sourcecode.c.h; path = MobClick.h; sourceTree = "<group>"; };
		C0973BC3171557A200CC398E /* cancel.png */ = {isa = PBXFileReference; lastKnownFileType = image.png; path = cancel.png; sourceTree = "<group>"; };
		C0973BC4171557A300CC398E /* cancel@2x.png */ = {isa = PBXFileReference; lastKnownFileType = image.png; path = "cancel@2x.png"; sourceTree = "<group>"; };
		C0973BC5171557A300CC398E /* send.png */ = {isa = PBXFileReference; lastKnownFileType = image.png; path = send.png; sourceTree = "<group>"; };
		C0973BC6171557A400CC398E /* send@2x.png */ = {isa = PBXFileReference; lastKnownFileType = image.png; path = "send@2x.png"; sourceTree = "<group>"; };
		C0973BD7171563ED00CC398E /* tag.png */ = {isa = PBXFileReference; lastKnownFileType = image.png; path = tag.png; sourceTree = "<group>"; };
		C0973BD9171563FA00CC398E /* tag@2x.png */ = {isa = PBXFileReference; lastKnownFileType = image.png; path = "tag@2x.png"; sourceTree = "<group>"; };
		C0973BDB17164C6100CC398E /* BUTTON9.png */ = {isa = PBXFileReference; lastKnownFileType = image.png; path = BUTTON9.png; sourceTree = "<group>"; };
		C0973BDC17164C6200CC398E /* BUTTON9@2x.png */ = {isa = PBXFileReference; lastKnownFileType = image.png; path = "BUTTON9@2x.png"; sourceTree = "<group>"; };
		C0A1005417168C43008FD07A /* delete.png */ = {isa = PBXFileReference; lastKnownFileType = image.png; path = delete.png; sourceTree = "<group>"; };
		C0A1005617168C4A008FD07A /* delete@2x.png */ = {isa = PBXFileReference; lastKnownFileType = image.png; path = "delete@2x.png"; sourceTree = "<group>"; };
		C0A1005A1716B09C008FD07A /* defaultcovers.png */ = {isa = PBXFileReference; lastKnownFileType = image.png; path = defaultcovers.png; sourceTree = "<group>"; };
		C0B48F521702F25F00A5258E /* FADE.jpg */ = {isa = PBXFileReference; lastKnownFileType = image.jpeg; path = FADE.jpg; sourceTree = "<group>"; };
		C0B48F541702F74800A5258E /* LoadingPageViewController.h */ = {isa = PBXFileReference; fileEncoding = 4; lastKnownFileType = sourcecode.c.h; path = LoadingPageViewController.h; sourceTree = "<group>"; };
		C0B48F551702F74800A5258E /* LoadingPageViewController.m */ = {isa = PBXFileReference; fileEncoding = 4; lastKnownFileType = sourcecode.c.objc; path = LoadingPageViewController.m; sourceTree = "<group>"; };
		C0B48F561702F74800A5258E /* LoadingPageViewController.xib */ = {isa = PBXFileReference; fileEncoding = 4; lastKnownFileType = file.xib; path = LoadingPageViewController.xib; sourceTree = "<group>"; };
		C0B48F5B170A94EA00A5258E /* Publisher.h */ = {isa = PBXFileReference; fileEncoding = 4; lastKnownFileType = sourcecode.c.h; path = Publisher.h; sourceTree = "<group>"; };
		C0B48F5C170A94EA00A5258E /* Publisher.m */ = {isa = PBXFileReference; fileEncoding = 4; lastKnownFileType = sourcecode.c.objc; path = Publisher.m; sourceTree = "<group>"; };
		C0B48F8B170AE13600A5258E /* libz.dylib */ = {isa = PBXFileReference; lastKnownFileType = "compiled.mach-o.dylib"; name = libz.dylib; path = usr/lib/libz.dylib; sourceTree = SDKROOT; };
		C0B48F90170AE2D400A5258E /* crypt.h */ = {isa = PBXFileReference; fileEncoding = 4; lastKnownFileType = sourcecode.c.h; path = crypt.h; sourceTree = "<group>"; };
		C0B48F91170AE2D400A5258E /* ioapi.c */ = {isa = PBXFileReference; fileEncoding = 4; lastKnownFileType = sourcecode.c.c; path = ioapi.c; sourceTree = "<group>"; };
		C0B48F92170AE2D400A5258E /* ioapi.h */ = {isa = PBXFileReference; fileEncoding = 4; lastKnownFileType = sourcecode.c.h; path = ioapi.h; sourceTree = "<group>"; };
		C0B48F93170AE2D400A5258E /* mztools.c */ = {isa = PBXFileReference; fileEncoding = 4; lastKnownFileType = sourcecode.c.c; path = mztools.c; sourceTree = "<group>"; };
		C0B48F94170AE2D400A5258E /* mztools.h */ = {isa = PBXFileReference; fileEncoding = 4; lastKnownFileType = sourcecode.c.h; path = mztools.h; sourceTree = "<group>"; };
		C0B48F95170AE2D400A5258E /* unzip.c */ = {isa = PBXFileReference; fileEncoding = 4; lastKnownFileType = sourcecode.c.c; path = unzip.c; sourceTree = "<group>"; };
		C0B48F96170AE2D400A5258E /* unzip.h */ = {isa = PBXFileReference; fileEncoding = 4; lastKnownFileType = sourcecode.c.h; path = unzip.h; sourceTree = "<group>"; };
		C0B48F97170AE2D400A5258E /* zip.c */ = {isa = PBXFileReference; fileEncoding = 4; lastKnownFileType = sourcecode.c.c; path = zip.c; sourceTree = "<group>"; };
		C0B48F98170AE2D400A5258E /* zip.h */ = {isa = PBXFileReference; fileEncoding = 4; lastKnownFileType = sourcecode.c.h; path = zip.h; sourceTree = "<group>"; };
		C0B48FA0170AE3AC00A5258E /* ZipArchive.h */ = {isa = PBXFileReference; fileEncoding = 4; lastKnownFileType = sourcecode.c.h; path = ZipArchive.h; sourceTree = "<group>"; };
		C0B48FA1170AE3AC00A5258E /* ZipArchive.mm */ = {isa = PBXFileReference; fileEncoding = 4; lastKnownFileType = sourcecode.cpp.objcpp; path = ZipArchive.mm; sourceTree = "<group>"; };
/* End PBXFileReference section */

/* Begin PBXFrameworksBuildPhase section */
		C0572F0316DF314400DB2847 /* Frameworks */ = {
			isa = PBXFrameworksBuildPhase;
			buildActionMask = 2147483647;
			files = (
				C0B48F8C170AE13600A5258E /* libz.dylib in Frameworks */,
				C057304116E7348900DB2847 /* NewsstandKit.framework in Frameworks */,
				C057303F16E7347700DB2847 /* StoreKit.framework in Frameworks */,
				C057303D16E7346900DB2847 /* SystemConfiguration.framework in Frameworks */,
				C0572F0A16DF314400DB2847 /* UIKit.framework in Frameworks */,
				C0572F0C16DF314400DB2847 /* Foundation.framework in Frameworks */,
				C0572F0E16DF314400DB2847 /* CoreGraphics.framework in Frameworks */,
				C0973BC21714FE7A00CC398E /* libMobClickLibrary.a in Frameworks */,
			);
			runOnlyForDeploymentPostprocessing = 0;
		};
/* End PBXFrameworksBuildPhase section */

/* Begin PBXGroup section */
		C0572EFD16DF314400DB2847 = {
			isa = PBXGroup;
			children = (
				C0B48F8B170AE13600A5258E /* libz.dylib */,
				C0572F0F16DF314400DB2847 /* Xweekend */,
				C0572F0816DF314400DB2847 /* Frameworks */,
				C0572F0716DF314400DB2847 /* Products */,
			);
			sourceTree = "<group>";
		};
		C0572F0716DF314400DB2847 /* Products */ = {
			isa = PBXGroup;
			children = (
				C0572F0616DF314400DB2847 /* Xweekend.app */,
			);
			name = Products;
			sourceTree = "<group>";
		};
		C0572F0816DF314400DB2847 /* Frameworks */ = {
			isa = PBXGroup;
			children = (
				C057304016E7348800DB2847 /* NewsstandKit.framework */,
				C057303E16E7347600DB2847 /* StoreKit.framework */,
				C057303C16E7346800DB2847 /* SystemConfiguration.framework */,
				C0572F0916DF314400DB2847 /* UIKit.framework */,
				C0572F0B16DF314400DB2847 /* Foundation.framework */,
				C0572F0D16DF314400DB2847 /* CoreGraphics.framework */,
			);
			name = Frameworks;
			sourceTree = "<group>";
		};
		C0572F0F16DF314400DB2847 /* Xweekend */ = {
			isa = PBXGroup;
			children = (
				C0973BC01714FE7900CC398E /* libMobClickLibrary.a */,
				C0973BC11714FE7A00CC398E /* MobClick.h */,
				C0B48FA0170AE3AC00A5258E /* ZipArchive.h */,
				C0B48FA1170AE3AC00A5258E /* ZipArchive.mm */,
				C0B48F8F170AE2B700A5258E /* minizip */,
				C0598FF216F0585500602C24 /* Share */,
				C0598FE116F04B0700602C24 /* TSPopover */,
				C0572F1816DF314400DB2847 /* AppDelegate.h */,
				C0572F1916DF314400DB2847 /* AppDelegate.m */,
				C0B48F541702F74800A5258E /* LoadingPageViewController.h */,
				C0B48F551702F74800A5258E /* LoadingPageViewController.m */,
				C0B48F561702F74800A5258E /* LoadingPageViewController.xib */,
				C0572F2116DF314400DB2847 /* ViewController.h */,
				C0572F2216DF314400DB2847 /* ViewController.m */,
				C0572F2416DF314400DB2847 /* ViewController.xib */,
				C057302F16E0B27900DB2847 /* cell.xib */,
				C0572F2C16DF372700DB2847 /* ReadViewController.h */,
				C0572F2D16DF372700DB2847 /* ReadViewController.m */,
				C0572F2E16DF372700DB2847 /* ReadViewController.xib */,
				C0572F3116DF3F5800DB2847 /* ColumnsView.h */,
				C0572F3216DF3F5800DB2847 /* ColumnsView.m */,
				C0572F3416DF3F9400DB2847 /* PagePhotosView.h */,
				C0572F3516DF3F9400DB2847 /* PagePhotosView.m */,
				C057303116E72CE800DB2847 /* MBProgressHUD.h */,
				C057303216E72CEA00DB2847 /* MBProgressHUD.m */,
				C057303416E72CF700DB2847 /* Reachability.h */,
				C057303516E72CF800DB2847 /* Reachability.m */,
				C057303716E7325900DB2847 /* ThumbnailViewController.h */,
				C057303816E7325A00DB2847 /* ThumbnailViewController.m */,
				C057303916E7325B00DB2847 /* ThumbnailViewController.xib */,
				C012197716E892C300EBD1E0 /* btThumbnai.h */,
				C012197816E892C300EBD1E0 /* btThumbnai.m */,
				C00E6F8E16FC52B900F38E51 /* btVisitWeibo.h */,
				C00E6F8F16FC52B900F38E51 /* btVisitWeibo.m */,
				C0B48F5B170A94EA00A5258E /* Publisher.h */,
				C0B48F5C170A94EA00A5258E /* Publisher.m */,
				C0572F1016DF314400DB2847 /* Supporting Files */,
			);
			path = Xweekend;
			sourceTree = "<group>";
		};
		C0572F1016DF314400DB2847 /* Supporting Files */ = {
			isa = PBXGroup;
			children = (
				C0A1005A1716B09C008FD07A /* defaultcovers.png */,
				C0A1005417168C43008FD07A /* delete.png */,
				C0A1005617168C4A008FD07A /* delete@2x.png */,
				C0973BD7171563ED00CC398E /* tag.png */,
				C0973BD9171563FA00CC398E /* tag@2x.png */,
				C0973BC3171557A200CC398E /* cancel.png */,
				C0973BC4171557A300CC398E /* cancel@2x.png */,
				C0973BC5171557A300CC398E /* send.png */,
				C0973BC6171557A400CC398E /* send@2x.png */,
				C0B48F521702F25F00A5258E /* FADE.jpg */,
				C0973B891713F35800CC398E /* startLog.jpg */,
				C0973B8A1713F35800CC398E /* startLog@2x.jpg */,
				C0322E1F17002A0A00E6107E /* 960768.png */,
				C0322E091700289E00E6107E /* background.png */,
				C0322E0A1700289E00E6107E /* banner.png */,
				C0322E0B1700289E00E6107E /* BUTTON1.png */,
				C0322E0C1700289E00E6107E /* BUTTON2.png */,
				C0322E0D1700289E00E6107E /* BUTTON3.png */,
				C0322E0E1700289E00E6107E /* BUTTON4.png */,
				C094E4B31713DA3900FB6224 /* BUTTON5.png */,
				C094E4B41713DA3900FB6224 /* BUTTON6.png */,
				C094E4B51713DA3900FB6224 /* BUTTON7.png */,
				C0973BDB17164C6100CC398E /* BUTTON9.png */,
				C0322E0F1700289E00E6107E /* ICON1.png */,
				C0322E111700289E00E6107E /* ICON3.png */,
				C094E4C31713DA7D00FB6224 /* ICON4.png */,
				C0322E121700289E00E6107E /* shelf.png */,
				C0322E131700289E00E6107E /* title.png */,
				C0322DF31700281C00E6107E /* background@2x.png */,
				C0322DF41700281C00E6107E /* banner@2x.png */,
				C0322DF51700281C00E6107E /* BUTTON1@2x.png */,
				C0322DF61700281C00E6107E /* BUTTON2@2x.png */,
				C0322DF71700281C00E6107E /* BUTTON3@2x.png */,
				C0322DF81700281C00E6107E /* BUTTON4@2x.png */,
				C094E4BB1713DA5300FB6224 /* BUTTON5@2x.png */,
				C094E4BC1713DA5300FB6224 /* BUTTON6@2x.png */,
				C094E4BD1713DA5300FB6224 /* BUTTON7@2x.png */,
				C0973BDC17164C6200CC398E /* BUTTON9@2x.png */,
				C0322DF91700281C00E6107E /* ICON1@2x.png */,
				C0322DFB1700281C00E6107E /* ICON3@2x.png */,
				C094E4C51713DA8D00FB6224 /* ICON4@2x.png */,
				C0322DFC1700281C00E6107E /* shelf@2x.png */,
				C0322DFD1700281C00E6107E /* title@2x.png */,
				C0572F1116DF314400DB2847 /* Xweekend-Info.plist */,
				C0572F1216DF314400DB2847 /* InfoPlist.strings */,
				C0572F1516DF314400DB2847 /* main.m */,
				C0572F1716DF314400DB2847 /* Xweekend-Prefix.pch */,
				C0572F1B16DF314400DB2847 /* Default.png */,
				C0572F1D16DF314400DB2847 /* Default@2x.png */,
				C0572F1F16DF314400DB2847 /* Default-568h@2x.png */,
			);
			name = "Supporting Files";
			sourceTree = "<group>";
		};
		C0598FE116F04B0700602C24 /* TSPopover */ = {
			isa = PBXGroup;
			children = (
				C0598FE216F04B1F00602C24 /* TSActionSheet.h */,
				C0598FE316F04B1F00602C24 /* TSActionSheet.m */,
				C0598FE416F04B1F00602C24 /* TSPopoverController.h */,
				C0598FE516F04B1F00602C24 /* TSPopoverController.m */,
				C0598FE616F04B1F00602C24 /* TSPopoverPopoverView.h */,
				C0598FE716F04B1F00602C24 /* TSPopoverPopoverView.m */,
				C0598FE816F04B1F00602C24 /* TSPopoverTouchesDelegate.h */,
				C0598FE916F04B1F00602C24 /* TSPopoverTouchView.h */,
				C0598FEA16F04B1F00602C24 /* TSPopoverTouchView.m */,
				C0598FEB16F04B1F00602C24 /* UIBarButtonItem+WEPopover.h */,
				C0598FEC16F04B1F00602C24 /* UIBarButtonItem+WEPopover.m */,
			);
			name = TSPopover;
			sourceTree = "<group>";
		};
		C0598FF216F0585500602C24 /* Share */ = {
			isa = PBXGroup;
			children = (
				C0598FF416F0587300602C24 /* SinaWeibo */,
				C0598FF316F0586200602C24 /* JSONKit */,
			);
			name = Share;
			sourceTree = "<group>";
		};
		C0598FF316F0586200602C24 /* JSONKit */ = {
			isa = PBXGroup;
			children = (
				C059900116F0588B00602C24 /* JSONKit.h */,
				C059900216F0588B00602C24 /* JSONKit.m */,
			);
			name = JSONKit;
			sourceTree = "<group>";
		};
		C0598FF416F0587300602C24 /* SinaWeibo */ = {
			isa = PBXGroup;
			children = (
				C0598FF516F0588100602C24 /* SinaWeibo.bundle */,
				C0598FF616F0588100602C24 /* SinaWeibo.h */,
				C0598FF716F0588100602C24 /* SinaWeibo.m */,
				C0598FF816F0588100602C24 /* SinaWeiboAuthorizeView.h */,
				C0598FF916F0588100602C24 /* SinaWeiboAuthorizeView.m */,
				C0598FFA16F0588100602C24 /* SinaWeiboConstants.h */,
				C0598FFB16F0588100602C24 /* SinaWeiboRequest.h */,
				C0598FFC16F0588100602C24 /* SinaWeiboRequest.m */,
			);
			name = SinaWeibo;
			sourceTree = "<group>";
		};
		C0B48F8F170AE2B700A5258E /* minizip */ = {
			isa = PBXGroup;
			children = (
				C0B48F90170AE2D400A5258E /* crypt.h */,
				C0B48F91170AE2D400A5258E /* ioapi.c */,
				C0B48F92170AE2D400A5258E /* ioapi.h */,
				C0B48F93170AE2D400A5258E /* mztools.c */,
				C0B48F94170AE2D400A5258E /* mztools.h */,
				C0B48F95170AE2D400A5258E /* unzip.c */,
				C0B48F96170AE2D400A5258E /* unzip.h */,
				C0B48F97170AE2D400A5258E /* zip.c */,
				C0B48F98170AE2D400A5258E /* zip.h */,
			);
			name = minizip;
			sourceTree = "<group>";
		};
/* End PBXGroup section */

/* Begin PBXNativeTarget section */
		C0572F0516DF314400DB2847 /* Xweekend */ = {
			isa = PBXNativeTarget;
			buildConfigurationList = C0572F2916DF314400DB2847 /* Build configuration list for PBXNativeTarget "Xweekend" */;
			buildPhases = (
				C0572F0216DF314400DB2847 /* Sources */,
				C0572F0316DF314400DB2847 /* Frameworks */,
				C0572F0416DF314400DB2847 /* Resources */,
			);
			buildRules = (
			);
			dependencies = (
			);
			name = Xweekend;
			productName = Xweekend;
			productReference = C0572F0616DF314400DB2847 /* Xweekend.app */;
			productType = "com.apple.product-type.application";
		};
/* End PBXNativeTarget section */

/* Begin PBXProject section */
		C0572EFE16DF314400DB2847 /* Project object */ = {
			isa = PBXProject;
			attributes = {
				LastUpgradeCheck = 0460;
				ORGANIZATIONNAME = Myth;
			};
			buildConfigurationList = C0572F0116DF314400DB2847 /* Build configuration list for PBXProject "Xweekend" */;
			compatibilityVersion = "Xcode 3.2";
			developmentRegion = English;
			hasScannedForEncodings = 0;
			knownRegions = (
				en,
			);
			mainGroup = C0572EFD16DF314400DB2847;
			productRefGroup = C0572F0716DF314400DB2847 /* Products */;
			projectDirPath = "";
			projectRoot = "";
			targets = (
				C0572F0516DF314400DB2847 /* Xweekend */,
			);
		};
/* End PBXProject section */

/* Begin PBXResourcesBuildPhase section */
		C0572F0416DF314400DB2847 /* Resources */ = {
			isa = PBXResourcesBuildPhase;
			buildActionMask = 2147483647;
			files = (
				C0572F1416DF314400DB2847 /* InfoPlist.strings in Resources */,
				C0572F1C16DF314400DB2847 /* Default.png in Resources */,
				C0572F1E16DF314400DB2847 /* Default@2x.png in Resources */,
				C0572F2016DF314400DB2847 /* Default-568h@2x.png in Resources */,
				C0572F2616DF314400DB2847 /* ViewController.xib in Resources */,
				C0572F3016DF372700DB2847 /* ReadViewController.xib in Resources */,
				C057303016E0B27A00DB2847 /* cell.xib in Resources */,
				C057303B16E7325C00DB2847 /* ThumbnailViewController.xib in Resources */,
				C0598FFD16F0588100602C24 /* SinaWeibo.bundle in Resources */,
				C0322DFE1700281C00E6107E /* background@2x.png in Resources */,
				C0322DFF1700281C00E6107E /* banner@2x.png in Resources */,
				C0322E001700281C00E6107E /* BUTTON1@2x.png in Resources */,
				C0322E011700281C00E6107E /* BUTTON2@2x.png in Resources */,
				C0322E021700281C00E6107E /* BUTTON3@2x.png in Resources */,
				C0322E031700281C00E6107E /* BUTTON4@2x.png in Resources */,
				C0322E041700281C00E6107E /* ICON1@2x.png in Resources */,
				C0322E061700281C00E6107E /* ICON3@2x.png in Resources */,
				C0322E071700281C00E6107E /* shelf@2x.png in Resources */,
				C0322E081700281C00E6107E /* title@2x.png in Resources */,
				C0322E141700289E00E6107E /* background.png in Resources */,
				C0322E151700289E00E6107E /* banner.png in Resources */,
				C0322E161700289E00E6107E /* BUTTON1.png in Resources */,
				C0322E171700289E00E6107E /* BUTTON2.png in Resources */,
				C0322E181700289E00E6107E /* BUTTON3.png in Resources */,
				C0322E191700289E00E6107E /* BUTTON4.png in Resources */,
				C0322E1A1700289E00E6107E /* ICON1.png in Resources */,
				C0322E1C1700289E00E6107E /* ICON3.png in Resources */,
				C0322E1D1700289E00E6107E /* shelf.png in Resources */,
				C0322E1E1700289E00E6107E /* title.png in Resources */,
				C0322E2017002A0A00E6107E /* 960768.png in Resources */,
				C0B48F531702F25F00A5258E /* FADE.jpg in Resources */,
				C0B48F581702F74800A5258E /* LoadingPageViewController.xib in Resources */,
				C094E4B71713DA3900FB6224 /* BUTTON5.png in Resources */,
				C094E4B81713DA3900FB6224 /* BUTTON6.png in Resources */,
				C094E4B91713DA3900FB6224 /* BUTTON7.png in Resources */,
				C094E4BF1713DA5300FB6224 /* BUTTON5@2x.png in Resources */,
				C094E4C01713DA5300FB6224 /* BUTTON6@2x.png in Resources */,
				C094E4C11713DA5300FB6224 /* BUTTON7@2x.png in Resources */,
				C094E4C41713DA7D00FB6224 /* ICON4.png in Resources */,
				C094E4C61713DA8D00FB6224 /* ICON4@2x.png in Resources */,
				C0973B8B1713F35800CC398E /* startLog.jpg in Resources */,
				C0973B8C1713F35800CC398E /* startLog@2x.jpg in Resources */,
				C0973BC9171557A600CC398E /* cancel.png in Resources */,
				C0973BCA171557A600CC398E /* cancel@2x.png in Resources */,
				C0973BCB171557A600CC398E /* send.png in Resources */,
				C0973BCC171557A600CC398E /* send@2x.png in Resources */,
				C0973BD8171563EE00CC398E /* tag.png in Resources */,
				C0973BDA171563FB00CC398E /* tag@2x.png in Resources */,
				C0973BDD17164C6200CC398E /* BUTTON9.png in Resources */,
				C0973BDE17164C6200CC398E /* BUTTON9@2x.png in Resources */,
				C0A1005517168C43008FD07A /* delete.png in Resources */,
				C0A1005717168C4A008FD07A /* delete@2x.png in Resources */,
				C0A1005B1716B09C008FD07A /* defaultcovers.png in Resources */,
			);
			runOnlyForDeploymentPostprocessing = 0;
		};
/* End PBXResourcesBuildPhase section */

/* Begin PBXSourcesBuildPhase section */
		C0572F0216DF314400DB2847 /* Sources */ = {
			isa = PBXSourcesBuildPhase;
			buildActionMask = 2147483647;
			files = (
				C0572F1616DF314400DB2847 /* main.m in Sources */,
				C0572F1A16DF314400DB2847 /* AppDelegate.m in Sources */,
				C0572F2316DF314400DB2847 /* ViewController.m in Sources */,
				C0572F2F16DF372700DB2847 /* ReadViewController.m in Sources */,
				C0572F3316DF3F5800DB2847 /* ColumnsView.m in Sources */,
				C0572F3616DF3F9400DB2847 /* PagePhotosView.m in Sources */,
				C057303316E72CEB00DB2847 /* MBProgressHUD.m in Sources */,
				C057303616E72CFA00DB2847 /* Reachability.m in Sources */,
				C057303A16E7325C00DB2847 /* ThumbnailViewController.m in Sources */,
				C012197916E892C300EBD1E0 /* btThumbnai.m in Sources */,
				C0598FED16F04B1F00602C24 /* TSActionSheet.m in Sources */,
				C0598FEE16F04B1F00602C24 /* TSPopoverController.m in Sources */,
				C0598FEF16F04B1F00602C24 /* TSPopoverPopoverView.m in Sources */,
				C0598FF016F04B1F00602C24 /* TSPopoverTouchView.m in Sources */,
				C0598FF116F04B1F00602C24 /* UIBarButtonItem+WEPopover.m in Sources */,
				C0598FFE16F0588100602C24 /* SinaWeibo.m in Sources */,
				C0598FFF16F0588100602C24 /* SinaWeiboAuthorizeView.m in Sources */,
				C059900016F0588100602C24 /* SinaWeiboRequest.m in Sources */,
				C059900316F0588B00602C24 /* JSONKit.m in Sources */,
				C00E6F9016FC52BA00F38E51 /* btVisitWeibo.m in Sources */,
				C0B48F571702F74800A5258E /* LoadingPageViewController.m in Sources */,
				C0B48F5D170A94EA00A5258E /* Publisher.m in Sources */,
				C0B48F99170AE2D400A5258E /* ioapi.c in Sources */,
				C0B48F9A170AE2D400A5258E /* mztools.c in Sources */,
				C0B48F9B170AE2D400A5258E /* unzip.c in Sources */,
				C0B48F9C170AE2D400A5258E /* zip.c in Sources */,
				C0B48FA2170AE3AD00A5258E /* ZipArchive.mm in Sources */,
			);
			runOnlyForDeploymentPostprocessing = 0;
		};
/* End PBXSourcesBuildPhase section */

/* Begin PBXVariantGroup section */
		C0572F1216DF314400DB2847 /* InfoPlist.strings */ = {
			isa = PBXVariantGroup;
			children = (
				C0572F1316DF314400DB2847 /* en */,
			);
			name = InfoPlist.strings;
			sourceTree = "<group>";
		};
		C0572F2416DF314400DB2847 /* ViewController.xib */ = {
			isa = PBXVariantGroup;
			children = (
				C0572F2516DF314400DB2847 /* en */,
			);
			name = ViewController.xib;
			sourceTree = "<group>";
		};
/* End PBXVariantGroup section */

/* Begin XCBuildConfiguration section */
		C0572F2716DF314400DB2847 /* Debug */ = {
			isa = XCBuildConfiguration;
			buildSettings = {
				ALWAYS_SEARCH_USER_PATHS = NO;
				CLANG_CXX_LANGUAGE_STANDARD = "gnu++0x";
				CLANG_CXX_LIBRARY = "libc++";
				CLANG_ENABLE_OBJC_ARC = YES;
				CLANG_WARN_CONSTANT_CONVERSION = YES;
				CLANG_WARN_EMPTY_BODY = YES;
				CLANG_WARN_ENUM_CONVERSION = YES;
				CLANG_WARN_INT_CONVERSION = YES;
				CLANG_WARN__DUPLICATE_METHOD_MATCH = YES;
				"CODE_SIGN_IDENTITY[sdk=iphoneos*]" = "iPhone Developer";
				COPY_PHASE_STRIP = NO;
				GCC_C_LANGUAGE_STANDARD = gnu99;
				GCC_DYNAMIC_NO_PIC = NO;
				GCC_OPTIMIZATION_LEVEL = 0;
				GCC_PREPROCESSOR_DEFINITIONS = (
					"DEBUG=1",
					"$(inherited)",
				);
				GCC_SYMBOLS_PRIVATE_EXTERN = NO;
				GCC_WARN_ABOUT_RETURN_TYPE = YES;
				GCC_WARN_UNINITIALIZED_AUTOS = YES;
				GCC_WARN_UNUSED_VARIABLE = YES;
				IPHONEOS_DEPLOYMENT_TARGET = 5.0;
				ONLY_ACTIVE_ARCH = YES;
				SDKROOT = iphoneos;
				TARGETED_DEVICE_FAMILY = 2;
			};
			name = Debug;
		};
		C0572F2816DF314400DB2847 /* Release */ = {
			isa = XCBuildConfiguration;
			buildSettings = {
				ALWAYS_SEARCH_USER_PATHS = NO;
				CLANG_CXX_LANGUAGE_STANDARD = "gnu++0x";
				CLANG_CXX_LIBRARY = "libc++";
				CLANG_ENABLE_OBJC_ARC = YES;
				CLANG_WARN_CONSTANT_CONVERSION = YES;
				CLANG_WARN_EMPTY_BODY = YES;
				CLANG_WARN_ENUM_CONVERSION = YES;
				CLANG_WARN_INT_CONVERSION = YES;
				CLANG_WARN__DUPLICATE_METHOD_MATCH = YES;
				"CODE_SIGN_IDENTITY[sdk=iphoneos*]" = "iPhone Developer";
				COPY_PHASE_STRIP = YES;
				GCC_C_LANGUAGE_STANDARD = gnu99;
				GCC_WARN_ABOUT_RETURN_TYPE = YES;
				GCC_WARN_UNINITIALIZED_AUTOS = YES;
				GCC_WARN_UNUSED_VARIABLE = YES;
				IPHONEOS_DEPLOYMENT_TARGET = 5.0;
				OTHER_CFLAGS = "-DNS_BLOCK_ASSERTIONS=1";
				SDKROOT = iphoneos;
				TARGETED_DEVICE_FAMILY = 2;
				VALIDATE_PRODUCT = YES;
			};
			name = Release;
		};
		C0572F2A16DF314400DB2847 /* Debug */ = {
			isa = XCBuildConfiguration;
			buildSettings = {
				GCC_PRECOMPILE_PREFIX_HEADER = YES;
				GCC_PREFIX_HEADER = "Xweekend/Xweekend-Prefix.pch";
				INFOPLIST_FILE = "Xweekend/Xweekend-Info.plist";
				IPHONEOS_DEPLOYMENT_TARGET = 5.0;
				LIBRARY_SEARCH_PATHS = (
					"$(inherited)",
					"\"$(SRCROOT)/Xweekend\"",
				);
				PRODUCT_NAME = "$(TARGET_NAME)";
				WRAPPER_EXTENSION = app;
			};
			name = Debug;
		};
		C0572F2B16DF314400DB2847 /* Release */ = {
			isa = XCBuildConfiguration;
			buildSettings = {
				GCC_PRECOMPILE_PREFIX_HEADER = YES;
				GCC_PREFIX_HEADER = "Xweekend/Xweekend-Prefix.pch";
				INFOPLIST_FILE = "Xweekend/Xweekend-Info.plist";
				IPHONEOS_DEPLOYMENT_TARGET = 5.0;
				LIBRARY_SEARCH_PATHS = (
					"$(inherited)",
					"\"$(SRCROOT)/Xweekend\"",
				);
				PRODUCT_NAME = "$(TARGET_NAME)";
				WRAPPER_EXTENSION = app;
			};
			name = Release;
		};
/* End XCBuildConfiguration section */

/* Begin XCConfigurationList section */
		C0572F0116DF314400DB2847 /* Build configuration list for PBXProject "Xweekend" */ = {
			isa = XCConfigurationList;
			buildConfigurations = (
				C0572F2716DF314400DB2847 /* Debug */,
				C0572F2816DF314400DB2847 /* Release */,
			);
			defaultConfigurationIsVisible = 0;
			defaultConfigurationName = Release;
		};
		C0572F2916DF314400DB2847 /* Build configuration list for PBXNativeTarget "Xweekend" */ = {
			isa = XCConfigurationList;
			buildConfigurations = (
				C0572F2A16DF314400DB2847 /* Debug */,
				C0572F2B16DF314400DB2847 /* Release */,
			);
			defaultConfigurationIsVisible = 0;
			defaultConfigurationName = Release;
		};
/* End XCConfigurationList section */
	};
	rootObject = C0572EFE16DF314400DB2847 /* Project object */;
}
